
Microsoft Visual Studio Solution File, Format Version 12.00
# Visual Studio Version 17
VisualStudioVersion = 17.11.35222.181
MinimumVisualStudioVersion = 10.0.40219.1
Project("{FAE04EC0-301F-11D3-BF4B-00C04F79EFBC}") = "Lektion Git", "Lektion Git\Lektion Git.csproj", "{69292ACC-8AAE-42D9-8666-318249433747}"
EndProject
Global
	GlobalSection(SolutionConfigurationPlatforms) = preSolution
		Debug|Any CPU = Debug|Any CPU
		Release|Any CPU = Release|Any CPU
	EndGlobalSection
	GlobalSection(ProjectConfigurationPlatforms) = postSolution
		{69292ACC-8AAE-42D9-8666-318249433747}.Debug|Any CPU.ActiveCfg = Debug|Any CPU
		{69292ACC-8AAE-42D9-8666-318249433747}.Debug|Any CPU.Build.0 = Debug|Any CPU
		{69292ACC-8AAE-42D9-8666-318249433747}.Release|Any CPU.ActiveCfg = Release|Any CPU
		{69292ACC-8AAE-42D9-8666-318249433747}.Release|Any CPU.Build.0 = Release|Any CPU
	EndGlobalSection
	GlobalSection(SolutionProperties) = preSolution
		HideSolutionNode = FALSE
	EndGlobalSection
	GlobalSection(ExtensibilityGlobals) = postSolution
		SolutionGuid = {8A203F23-05D0-48E1-ACCF-97959E845AB7}
	EndGlobalSection
EndGlobal
